
Microsoft Visual Studio Solution File, Format Version 12.00
# Visual Studio Version 16
VisualStudioVersion = 16.0.32106.194
MinimumVisualStudioVersion = 10.0.40219.1
Project("{FAE04EC0-301F-11D3-BF4B-00C04F79EFBC}") = "MadLibs", "MadLibs\MadLibs.csproj", "{39212607-7C8D-4BE1-A382-768B192C2C29}"
EndProject
Global
	GlobalSection(SolutionConfigurationPlatforms) = preSolution
		Debug|Any CPU = Debug|Any CPU
		Release|Any CPU = Release|Any CPU
	EndGlobalSection
	GlobalSection(ProjectConfigurationPlatforms) = postSolution
		{39212607-7C8D-4BE1-A382-768B192C2C29}.Debug|Any CPU.ActiveCfg = Debug|Any CPU
		{39212607-7C8D-4BE1-A382-768B192C2C29}.Debug|Any CPU.Build.0 = Debug|Any CPU
		{39212607-7C8D-4BE1-A382-768B192C2C29}.Release|Any CPU.ActiveCfg = Release|Any CPU
		{39212607-7C8D-4BE1-A382-768B192C2C29}.Release|Any CPU.Build.0 = Release|Any CPU
	EndGlobalSection
	GlobalSection(SolutionProperties) = preSolution
		HideSolutionNode = FALSE
	EndGlobalSection
	GlobalSection(ExtensibilityGlobals) = postSolution
		SolutionGuid = {D96C5F6B-4DB8-4BB2-B5E5-2ABA3D0C3DD5}
	EndGlobalSection
EndGlobal
